
Microsoft Visual Studio Solution File, Format Version 12.00
# Visual Studio 15
VisualStudioVersion = 15.0.28010.2003
MinimumVisualStudioVersion = 10.0.40219.1
Project("{FAE04EC0-301F-11D3-BF4B-00C04F79EFBC}") = "program_3_five_digit_number_validated", "program_3_five_digit_number\program_3_five_digit_number_validated.csproj", "{9623F2E3-2F03-4F8F-905F-2E348BA0940D}"
EndProject
Global
	GlobalSection(SolutionConfigurationPlatforms) = preSolution
		Debug|Any CPU = Debug|Any CPU
		Release|Any CPU = Release|Any CPU
	EndGlobalSection
	GlobalSection(ProjectConfigurationPlatforms) = postSolution
		{9623F2E3-2F03-4F8F-905F-2E348BA0940D}.Debug|Any CPU.ActiveCfg = Debug|Any CPU
		{9623F2E3-2F03-4F8F-905F-2E348BA0940D}.Debug|Any CPU.Build.0 = Debug|Any CPU
		{9623F2E3-2F03-4F8F-905F-2E348BA0940D}.Release|Any CPU.ActiveCfg = Release|Any CPU
		{9623F2E3-2F03-4F8F-905F-2E348BA0940D}.Release|Any CPU.Build.0 = Release|Any CPU
	EndGlobalSection
	GlobalSection(SolutionProperties) = preSolution
		HideSolutionNode = FALSE
	EndGlobalSection
	GlobalSection(ExtensibilityGlobals) = postSolution
		SolutionGuid = {845EAB57-5DC5-4F73-9803-22E99A0A0114}
	EndGlobalSection
EndGlobal
